
Microsoft Visual Studio Solution File, Format Version 12.00
Project("{FAE04EC0-301F-11D3-BF4B-00C04F79EFBC}") = "Application2", "Application2\Application2.csproj", "{4F8840E0-EF68-4A85-BC79-7FFCBAB1401C}"
EndProject
Project("{FAE04EC0-301F-11D3-BF4B-00C04F79EFBC}") = "Application1", "Application1\Application1.csproj", "{4ECA4930-6A6B-4E2F-BA75-6E981A6A6C5A}"
EndProject
Project("{FAE04EC0-301F-11D3-BF4B-00C04F79EFBC}") = "Infrastructure", "Infrastructure\Infrastructure.csproj", "{A7CA536B-D9AC-408F-A292-FEB5C9236055}"
EndProject
Project("{2150E333-8FDC-42A3-9474-1A3956D46DE8}") = "Producers", "Producers", "{647C2F6B-4C34-4204-AFA3-115C3A6F0E4E}"
EndProject
Project("{2150E333-8FDC-42A3-9474-1A3956D46DE8}") = "Consumers", "Consumers", "{CB8EF1F8-71E8-4F57-BEC0-9256ED9176DF}"
EndProject
Project("{FAE04EC0-301F-11D3-BF4B-00C04F79EFBC}") = "Consumer1", "Consumer1\Consumer1.csproj", "{4C07DEB5-8878-485F-8254-CEE827C25744}"
EndProject
Project("{FAE04EC0-301F-11D3-BF4B-00C04F79EFBC}") = "Consumer2", "Consumer2\Consumer2.csproj", "{BC003819-372C-435F-AC88-520B32511554}"
EndProject
Project("{FAE04EC0-301F-11D3-BF4B-00C04F79EFBC}") = "Producer", "Producer\Producer.csproj", "{F4798643-7657-48F4-929B-EB1131F4E095}"
EndProject
Global
	GlobalSection(SolutionConfigurationPlatforms) = preSolution
		Debug|Any CPU = Debug|Any CPU
		Release|Any CPU = Release|Any CPU
	EndGlobalSection
	GlobalSection(ProjectConfigurationPlatforms) = postSolution
		{4F8840E0-EF68-4A85-BC79-7FFCBAB1401C}.Debug|Any CPU.ActiveCfg = Debug|Any CPU
		{4F8840E0-EF68-4A85-BC79-7FFCBAB1401C}.Debug|Any CPU.Build.0 = Debug|Any CPU
		{4F8840E0-EF68-4A85-BC79-7FFCBAB1401C}.Release|Any CPU.ActiveCfg = Release|Any CPU
		{4F8840E0-EF68-4A85-BC79-7FFCBAB1401C}.Release|Any CPU.Build.0 = Release|Any CPU
		{4ECA4930-6A6B-4E2F-BA75-6E981A6A6C5A}.Debug|Any CPU.ActiveCfg = Debug|Any CPU
		{4ECA4930-6A6B-4E2F-BA75-6E981A6A6C5A}.Debug|Any CPU.Build.0 = Debug|Any CPU
		{4ECA4930-6A6B-4E2F-BA75-6E981A6A6C5A}.Release|Any CPU.ActiveCfg = Release|Any CPU
		{4ECA4930-6A6B-4E2F-BA75-6E981A6A6C5A}.Release|Any CPU.Build.0 = Release|Any CPU
		{A7CA536B-D9AC-408F-A292-FEB5C9236055}.Debug|Any CPU.ActiveCfg = Debug|Any CPU
		{A7CA536B-D9AC-408F-A292-FEB5C9236055}.Debug|Any CPU.Build.0 = Debug|Any CPU
		{A7CA536B-D9AC-408F-A292-FEB5C9236055}.Release|Any CPU.ActiveCfg = Release|Any CPU
		{A7CA536B-D9AC-408F-A292-FEB5C9236055}.Release|Any CPU.Build.0 = Release|Any CPU
		{4C07DEB5-8878-485F-8254-CEE827C25744}.Debug|Any CPU.ActiveCfg = Debug|Any CPU
		{4C07DEB5-8878-485F-8254-CEE827C25744}.Debug|Any CPU.Build.0 = Debug|Any CPU
		{4C07DEB5-8878-485F-8254-CEE827C25744}.Release|Any CPU.ActiveCfg = Release|Any CPU
		{4C07DEB5-8878-485F-8254-CEE827C25744}.Release|Any CPU.Build.0 = Release|Any CPU
		{BC003819-372C-435F-AC88-520B32511554}.Debug|Any CPU.ActiveCfg = Debug|Any CPU
		{BC003819-372C-435F-AC88-520B32511554}.Debug|Any CPU.Build.0 = Debug|Any CPU
		{BC003819-372C-435F-AC88-520B32511554}.Release|Any CPU.ActiveCfg = Release|Any CPU
		{BC003819-372C-435F-AC88-520B32511554}.Release|Any CPU.Build.0 = Release|Any CPU
		{F4798643-7657-48F4-929B-EB1131F4E095}.Debug|Any CPU.ActiveCfg = Debug|Any CPU
		{F4798643-7657-48F4-929B-EB1131F4E095}.Debug|Any CPU.Build.0 = Debug|Any CPU
		{F4798643-7657-48F4-929B-EB1131F4E095}.Release|Any CPU.ActiveCfg = Release|Any CPU
		{F4798643-7657-48F4-929B-EB1131F4E095}.Release|Any CPU.Build.0 = Release|Any CPU
	EndGlobalSection
	GlobalSection(NestedProjects) = preSolution
		{4C07DEB5-8878-485F-8254-CEE827C25744} = {CB8EF1F8-71E8-4F57-BEC0-9256ED9176DF}
		{BC003819-372C-435F-AC88-520B32511554} = {CB8EF1F8-71E8-4F57-BEC0-9256ED9176DF}
		{F4798643-7657-48F4-929B-EB1131F4E095} = {647C2F6B-4C34-4204-AFA3-115C3A6F0E4E}
	EndGlobalSection
EndGlobal
